
Microsoft Visual Studio Solution File, Format Version 12.00
# Visual Studio Version 17
VisualStudioVersion = 17.9.34622.214
MinimumVisualStudioVersion = 10.0.40219.1
Project("{8BC9CEB8-8B4A-11D0-8D11-00A0C91BC942}") = "11.06.2024", "11.06.2024\11.06.2024.vcxproj", "{2597BB33-F08D-4F7D-92CA-F5657F28FF40}"
EndProject
Global
	GlobalSection(SolutionConfigurationPlatforms) = preSolution
		Debug|x64 = Debug|x64
		Debug|x86 = Debug|x86
		Release|x64 = Release|x64
		Release|x86 = Release|x86
	EndGlobalSection
	GlobalSection(ProjectConfigurationPlatforms) = postSolution
		{2597BB33-F08D-4F7D-92CA-F5657F28FF40}.Debug|x64.ActiveCfg = Debug|x64
		{2597BB33-F08D-4F7D-92CA-F5657F28FF40}.Debug|x64.Build.0 = Debug|x64
		{2597BB33-F08D-4F7D-92CA-F5657F28FF40}.Debug|x86.ActiveCfg = Debug|Win32
		{2597BB33-F08D-4F7D-92CA-F5657F28FF40}.Debug|x86.Build.0 = Debug|Win32
		{2597BB33-F08D-4F7D-92CA-F5657F28FF40}.Release|x64.ActiveCfg = Release|x64
		{2597BB33-F08D-4F7D-92CA-F5657F28FF40}.Release|x64.Build.0 = Release|x64
		{2597BB33-F08D-4F7D-92CA-F5657F28FF40}.Release|x86.ActiveCfg = Release|Win32
		{2597BB33-F08D-4F7D-92CA-F5657F28FF40}.Release|x86.Build.0 = Release|Win32
	EndGlobalSection
	GlobalSection(SolutionProperties) = preSolution
		HideSolutionNode = FALSE
	EndGlobalSection
	GlobalSection(ExtensibilityGlobals) = postSolution
		SolutionGuid = {71390CCC-F64A-4468-9C2F-2B05912415EE}
	EndGlobalSection
EndGlobal
